{
  "name": "headless-chrome",
  "version": "1.0.0",
  "lockfileVersion": 1,
  "dependencies": {
    "align-text": {
      "version": "https://registry.npm.taobao.org/align-text/download/align-text-0.1.4.tgz",
      "integrity": "sha1-DNkKVhCT810KmSVsIrcGlDP60Rc="
    },
    "amdefine": {
      "version": "https://registry.npm.taobao.org/amdefine/download/amdefine-1.0.1.tgz",
      "integrity": "sha1-SlKCrBZHKek2Gbz9OtFR+BfOkfU="
    },
    "ansi-align": {
      "version": "https://registry.npm.taobao.org/ansi-align/download/ansi-align-2.0.0.tgz",
      "integrity": "sha1-w2rsy6VjuJzrVW82kPCx2eNUf38="
    },
    "ansi-regex": {
      "version": "https://registry.npm.taobao.org/ansi-regex/download/ansi-regex-2.1.1.tgz",
      "integrity": "sha1-w7M6te42DYbg5ijwRorn7yfWVN8="
    },
    "ansi-styles": {
      "version": "https://registry.npm.taobao.org/ansi-styles/download/ansi-styles-2.2.1.tgz",
      "integrity": "sha1-tDLdM1i2NM914eRmQ2gkBTPB3b4="
    },
    "array-find-index": {
      "version": "https://registry.npm.taobao.org/array-find-index/download/array-find-index-1.0.2.tgz",
      "integrity": "sha1-3wEKoSh+Fku9pvlyOwqWoexBh6E="
    },
    "async": {
      "version": "https://registry.npm.taobao.org/async/download/async-1.5.2.tgz",
      "integrity": "sha1-7GphrlZIDAw8skHJVhjiCJL5Zyo="
    },
    "axe-core": {
      "version": "https://registry.npm.taobao.org/axe-core/download/axe-core-2.2.1.tgz",
      "integrity": "sha1-2P574T4tgOQH+W0zdO1k1fscPlQ="
    },
    "babar": {
      "version": "https://registry.npm.taobao.org/babar/download/babar-0.0.3.tgz",
      "integrity": "sha1-LzlNSlkY9+GunlQI6alvP5Ne4eI="
    },
    "boxen": {
      "version": "https://registry.npm.taobao.org/boxen/download/boxen-1.1.0.tgz",
      "integrity": "sha1-sbad1SIwXoB6md7ud329blFnsQI=",
      "dependencies": {
        "camelcase": {
          "version": "https://registry.npm.taobao.org/camelcase/download/camelcase-4.1.0.tgz",
          "integrity": "sha1-1UVjW+HjPFQmScaRc+Xeas+uNN0="
        }
      }
    },
    "builtin-modules": {
      "version": "https://registry.npm.taobao.org/builtin-modules/download/builtin-modules-1.1.1.tgz",
      "integrity": "sha1-Jw8HbFpywC9bZaR9+Uxf46J4iS8="
    },
    "camelcase": {
      "version": "https://registry.npm.taobao.org/camelcase/download/camelcase-1.2.1.tgz",
      "integrity": "sha1-m7UwTS4LVmmLLHWLCKPqqdqlijk=",
      "optional": true
    },
    "camelcase-keys": {
      "version": "https://registry.npm.taobao.org/camelcase-keys/download/camelcase-keys-2.1.0.tgz",
      "integrity": "sha1-MIvur/3ygRkFHvodkyITyRuPkuc=",
      "dependencies": {
        "camelcase": {
          "version": "https://registry.npm.taobao.org/camelcase/download/camelcase-2.1.1.tgz",
          "integrity": "sha1-fB0W1nmhu+WcoCys7PsBHiAfWh8="
        }
      }
    },
    "capture-stack-trace": {
      "version": "https://registry.npm.taobao.org/capture-stack-trace/download/capture-stack-trace-1.0.0.tgz",
      "integrity": "sha1-Sm+gc5nCa7pH8LJJa00PtAjFVQ0="
    },
    "center-align": {
      "version": "https://registry.npm.taobao.org/center-align/download/center-align-0.1.3.tgz",
      "integrity": "sha1-qg0yYptu6XIgBBHL1EYckHvCt60=",
      "optional": true
    },
    "chalk": {
      "version": "https://registry.npm.taobao.org/chalk/download/chalk-1.1.3.tgz",
      "integrity": "sha1-qBFcVeSnAv5NFQq9OHKCKn4J/Jg="
    },
    "chrome-devtools-frontend": {
      "version": "https://registry.npm.taobao.org/chrome-devtools-frontend/download/chrome-devtools-frontend-1.0.422034.tgz",
      "integrity": "sha1-BxyM4URmt2UwMvzRrRpKaNXjy9k="
    },
    "chrome-remote-interface": {
      "version": "https://registry.npm.taobao.org/chrome-remote-interface/download/chrome-remote-interface-0.23.2.tgz",
      "integrity": "sha1-9ohLRPsgh8Ro/N/4OTWZ2iQqsHA=",
      "dependencies": {
        "ultron": {
          "version": "https://registry.npm.taobao.org/ultron/download/ultron-1.1.0.tgz",
          "integrity": "sha1-sHoualQagV/Go0zNRTO67DB8qGQ="
        },
        "ws": {
          "version": "https://registry.npm.taobao.org/ws/download/ws-2.0.3.tgz",
          "integrity": "sha1-Uy/UmcP319cg5UPx+AcQbPxX2cs="
        }
      }
    },
    "cli-boxes": {
      "version": "https://registry.npm.taobao.org/cli-boxes/download/cli-boxes-1.0.0.tgz",
      "integrity": "sha1-T6kXw+WclKAEzWH47lCdplFocUM="
    },
    "cliui": {
      "version": "https://registry.npm.taobao.org/cliui/download/cliui-2.1.0.tgz",
      "integrity": "sha1-S0dXYP+AJkx2LDoXGQMukcf+oNE=",
      "optional": true,
      "dependencies": {
        "wordwrap": {
          "version": "https://registry.npm.taobao.org/wordwrap/download/wordwrap-0.0.2.tgz",
          "integrity": "sha1-t5Zpu0LstAn4PVg8rVLKF+qhZD8=",
          "optional": true
        }
      }
    },
    "code-point-at": {
      "version": "https://registry.npm.taobao.org/code-point-at/download/code-point-at-1.1.0.tgz",
      "integrity": "sha1-DQcLTQQ6W+ozovGkDi7bPZpMz3c="
    },
    "colors": {
      "version": "https://registry.npm.taobao.org/colors/download/colors-0.6.2.tgz",
      "integrity": "sha1-JCP+ZnisDF2uiFLl0OW+CMmXq8w="
    },
    "commander": {
      "version": "https://registry.npm.taobao.org/commander/download/commander-2.1.0.tgz",
      "integrity": "sha1-0SG7roYNmZKj1Re6lvVliOR8Z4E="
    },
    "configstore": {
      "version": "https://registry.npm.taobao.org/configstore/download/configstore-3.1.0.tgz",
      "integrity": "sha1-Rd+QcHPibfoc9LLVL1tgVF6qEdE="
    },
    "create-error-class": {
      "version": "https://registry.npm.taobao.org/create-error-class/download/create-error-class-3.0.2.tgz",
      "integrity": "sha1-Br56vvlHo/FKMP1hBnHUAbyot7Y="
    },
    "cross-spawn-async": {
      "version": "https://registry.npm.taobao.org/cross-spawn-async/download/cross-spawn-async-2.2.5.tgz",
      "integrity": "sha1-hF/wwINKPe2dFg2sptOQkGuyiMw="
    },
    "crypto-random-string": {
      "version": "https://registry.npm.taobao.org/crypto-random-string/download/crypto-random-string-1.0.0.tgz",
      "integrity": "sha1-ojD2T1aDEOFJgAmUB5DsmVRbyn4="
    },
    "currently-unhandled": {
      "version": "https://registry.npm.taobao.org/currently-unhandled/download/currently-unhandled-0.4.1.tgz",
      "integrity": "sha1-mI3zP+qxke95mmE2nddsF635V+o="
    },
    "debug": {
      "version": "https://registry.npm.taobao.org/debug/download/debug-2.2.0.tgz",
      "integrity": "sha1-+HBX6ZWxofauaklgZkE3vFbwOdo="
    },
    "decamelize": {
      "version": "https://registry.npm.taobao.org/decamelize/download/decamelize-1.2.0.tgz",
      "integrity": "sha1-9lNNFRSCabIDUue+4m9QH5oZEpA="
    },
    "deep-extend": {
      "version": "https://registry.npm.taobao.org/deep-extend/download/deep-extend-0.4.2.tgz",
      "integrity": "sha1-SLaZwn4zS/ifEIkr5DL25MfTSn8="
    },
    "devtools-timeline-model": {
      "version": "https://registry.npm.taobao.org/devtools-timeline-model/download/devtools-timeline-model-1.1.6.tgz",
      "integrity": "sha1-e+Uac7VdcntZe7MN0e0ujiEGOaU=",
      "dependencies": {
        "chrome-devtools-frontend": {
          "version": "https://registry.npm.taobao.org/chrome-devtools-frontend/download/chrome-devtools-frontend-1.0.401423.tgz",
          "integrity": "sha1-MqibjQTjeKSUvjyNYycXA74cBOo="
        }
      }
    },
    "dot-prop": {
      "version": "https://registry.npm.taobao.org/dot-prop/download/dot-prop-4.1.1.tgz",
      "integrity": "sha1-qEk/C3te7sglJbXHWH+n3nyoWcE="
    },
    "duplexer3": {
      "version": "https://registry.npm.taobao.org/duplexer3/download/duplexer3-0.1.4.tgz",
      "integrity": "sha1-7gHdHKwO08vH/b6jfcCo8c4ALOI="
    },
    "error-ex": {
      "version": "https://registry.npm.taobao.org/error-ex/download/error-ex-1.3.1.tgz",
      "integrity": "sha1-+FWobOYa3E6GIcPNoh56dhLDqNw="
    },
    "escape-string-regexp": {
      "version": "https://registry.npm.taobao.org/escape-string-regexp/download/escape-string-regexp-1.0.5.tgz",
      "integrity": "sha1-G2HAViGQqN/2rjuyzwIAyhMLhtQ="
    },
    "execa": {
      "version": "https://registry.npm.taobao.org/execa/download/execa-0.4.0.tgz",
      "integrity": "sha1-TrZGejaglfq7KXD/nV4/t7zm68M="
    },
    "find-up": {
      "version": "https://registry.npm.taobao.org/find-up/download/find-up-1.1.2.tgz",
      "integrity": "sha1-ay6YIrGizgpgq2TWEOzK1TyyTQ8="
    },
    "get-stdin": {
      "version": "https://registry.npm.taobao.org/get-stdin/download/get-stdin-4.0.1.tgz",
      "integrity": "sha1-uWjGsKBDhDJJAui/Gl3zJXmkUP4="
    },
    "get-stream": {
      "version": "https://registry.npm.taobao.org/get-stream/download/get-stream-3.0.0.tgz",
      "integrity": "sha1-jpQ9E1jcN1VQVOy+LtsFqhdO3hQ="
    },
    "gl-matrix": {
      "version": "https://registry.npm.taobao.org/gl-matrix/download/gl-matrix-2.3.2.tgz",
      "integrity": "sha1-qsgIx0r31dsF/gTLYMoaD8sXTXQ="
    },
    "got": {
      "version": "https://registry.npm.taobao.org/got/download/got-6.7.1.tgz",
      "integrity": "sha1-JAzQV4WpoY5WHcG0S0HHY+8ejbA="
    },
    "graceful-fs": {
      "version": "https://registry.npm.taobao.org/graceful-fs/download/graceful-fs-4.1.11.tgz",
      "integrity": "sha1-Dovf5NHduIVNZOBOp8AOKgJuVlg="
    },
    "handlebars": {
      "version": "https://registry.npm.taobao.org/handlebars/download/handlebars-4.0.5.tgz",
      "integrity": "sha1-ksbta7FkEQxQ1NjQ+93HCAbG+Oc="
    },
    "has-ansi": {
      "version": "https://registry.npm.taobao.org/has-ansi/download/has-ansi-2.0.0.tgz",
      "integrity": "sha1-NPUEnOHs3ysGSa8+8k5F7TVBbZE="
    },
    "hosted-git-info": {
      "version": "https://registry.npm.taobao.org/hosted-git-info/download/hosted-git-info-2.4.2.tgz",
      "integrity": "sha1-AHa59GonBQbduq6lZJaJdGBhKmc="
    },
    "image-ssim": {
      "version": "https://registry.npm.taobao.org/image-ssim/download/image-ssim-0.2.0.tgz",
      "integrity": "sha1-g7Qsei5uS4VQVHf+aRf128VkIOU="
    },
    "import-lazy": {
      "version": "https://registry.npm.taobao.org/import-lazy/download/import-lazy-2.1.0.tgz",
      "integrity": "sha1-BWmOPUXIjo1+nZLLBYTnfwlvPkM="
    },
    "imurmurhash": {
      "version": "https://registry.npm.taobao.org/imurmurhash/download/imurmurhash-0.1.4.tgz",
      "integrity": "sha1-khi5srkoojixPcT7a21XbyMUU+o="
    },
    "indent-string": {
      "version": "https://registry.npm.taobao.org/indent-string/download/indent-string-2.1.0.tgz",
      "integrity": "sha1-ji1INIdCEhtKghi3oTfppSBJ3IA="
    },
    "ini": {
      "version": "https://registry.npm.taobao.org/ini/download/ini-1.3.4.tgz",
      "integrity": "sha1-BTfLedr1m1mhpRff9wbIbsA5Fi4="
    },
    "invert-kv": {
      "version": "https://registry.npm.taobao.org/invert-kv/download/invert-kv-1.0.0.tgz",
      "integrity": "sha1-EEqOSqym09jNFXqO+L+rLXo//bY="
    },
    "is-arrayish": {
      "version": "https://registry.npm.taobao.org/is-arrayish/download/is-arrayish-0.2.1.tgz",
      "integrity": "sha1-d8mYQFJ6qOyxqLppe4BkWnqSap0="
    },
    "is-buffer": {
      "version": "https://registry.npm.taobao.org/is-buffer/download/is-buffer-1.1.5.tgz",
      "integrity": "sha1-Hzsm72E7IUuIy8ojzGwB2Hlh7sw="
    },
    "is-builtin-module": {
      "version": "https://registry.npm.taobao.org/is-builtin-module/download/is-builtin-module-1.0.0.tgz",
      "integrity": "sha1-VAVy0096wxGfj3bDDLwbHgN6/74="
    },
    "is-finite": {
      "version": "https://registry.npm.taobao.org/is-finite/download/is-finite-1.0.2.tgz",
      "integrity": "sha1-zGZ3aVYCvlUO8R6LSqYwU0K20Ko="
    },
    "is-fullwidth-code-point": {
      "version": "https://registry.npm.taobao.org/is-fullwidth-code-point/download/is-fullwidth-code-point-2.0.0.tgz",
      "integrity": "sha1-o7MKXE8ZkYMWeqq5O+764937ZU8="
    },
    "is-npm": {
      "version": "https://registry.npm.taobao.org/is-npm/download/is-npm-1.0.0.tgz",
      "integrity": "sha1-8vtjpl5JBbQGyGBydloaTceTufQ="
    },
    "is-obj": {
      "version": "https://registry.npm.taobao.org/is-obj/download/is-obj-1.0.1.tgz",
      "integrity": "sha1-PkcprB9f3gJc19g6iW2rn09n2w8="
    },
    "is-redirect": {
      "version": "https://registry.npm.taobao.org/is-redirect/download/is-redirect-1.0.0.tgz",
      "integrity": "sha1-HQPd7VO9jbDzDCbk+V02/HyH3CQ="
    },
    "is-retry-allowed": {
      "version": "https://registry.npm.taobao.org/is-retry-allowed/download/is-retry-allowed-1.1.0.tgz",
      "integrity": "sha1-EaBgVotnM5REAz0BJaYaINVk+zQ="
    },
    "is-stream": {
      "version": "https://registry.npm.taobao.org/is-stream/download/is-stream-1.1.0.tgz",
      "integrity": "sha1-EtSj3U5o4Lec6428hBc66A2RykQ="
    },
    "is-utf8": {
      "version": "https://registry.npm.taobao.org/is-utf8/download/is-utf8-0.2.1.tgz",
      "integrity": "sha1-Sw2hRCEE0bM2NA6AeX6GXPOffXI="
    },
    "isexe": {
      "version": "https://registry.npm.taobao.org/isexe/download/isexe-2.0.0.tgz",
      "integrity": "sha1-6PvzdNxVb/iUehDcsFctYz8s+hA="
    },
    "jpeg-js": {
      "version": "https://registry.npm.taobao.org/jpeg-js/download/jpeg-js-0.1.2.tgz",
      "integrity": "sha1-E1uZLAV1yYXPoPSUoyJ+0jhYPs4="
    },
    "json-stringify-safe": {
      "version": "https://registry.npm.taobao.org/json-stringify-safe/download/json-stringify-safe-5.0.1.tgz",
      "integrity": "sha1-Epai1Y/UXxmg9s4B1lcB4sc1tus="
    },
    "kind-of": {
      "version": "https://registry.npm.taobao.org/kind-of/download/kind-of-3.2.2.tgz",
      "integrity": "sha1-MeohpzS6ubuw8yRm2JOupR5KPGQ="
    },
    "latest-version": {
      "version": "https://registry.npm.taobao.org/latest-version/download/latest-version-3.1.0.tgz",
      "integrity": "sha1-ogU4P+oyKzO1rjsYq+4NwvNW7hU="
    },
    "lazy-cache": {
      "version": "https://registry.npm.taobao.org/lazy-cache/download/lazy-cache-1.0.4.tgz",
      "integrity": "sha1-odePw6UEdMuAhF07O24dpJpEbo4=",
      "optional": true
    },
    "lcid": {
      "version": "https://registry.npm.taobao.org/lcid/download/lcid-1.0.0.tgz",
      "integrity": "sha1-MIrMr6C8SDo4Z7S28rlQYlHRuDU="
    },
    "lighthouse": {
      "version": "https://registry.npm.taobao.org/lighthouse/download/lighthouse-2.1.0.tgz",
      "integrity": "sha1-yqajmT47IgmPgvL3ReFs2oTHGqM="
    },
    "load-json-file": {
      "version": "https://registry.npm.taobao.org/load-json-file/download/load-json-file-1.1.0.tgz",
      "integrity": "sha1-lWkFcI1YtLq0wiYbBPWfMcmTdMA="
    },
    "longest": {
      "version": "https://registry.npm.taobao.org/longest/download/longest-1.0.1.tgz",
      "integrity": "sha1-MKCy2jj3N3DoKUoNIuZiXtd9AJc="
    },
    "loud-rejection": {
      "version": "https://registry.npm.taobao.org/loud-rejection/download/loud-rejection-1.6.0.tgz",
      "integrity": "sha1-W0b4AUft7leIcPCG0Eghz5mOVR8="
    },
    "lowercase-keys": {
      "version": "https://registry.npm.taobao.org/lowercase-keys/download/lowercase-keys-1.0.0.tgz",
      "integrity": "sha1-TjNms55/VFfjXxMkvfb4jQv8cwY="
    },
    "lru-cache": {
      "version": "https://registry.npm.taobao.org/lru-cache/download/lru-cache-4.1.1.tgz",
      "integrity": "sha1-Yi4y6CSItJJ5EUpPns9F581rulU="
    },
    "make-dir": {
      "version": "https://registry.npm.taobao.org/make-dir/download/make-dir-1.0.0.tgz",
      "integrity": "sha1-l6ARdR6R3YfPre9Ygy67BJNt6Xg="
    },
    "map-obj": {
      "version": "https://registry.npm.taobao.org/map-obj/download/map-obj-1.0.1.tgz",
      "integrity": "sha1-2TPOuSBdgr3PSIb2dCvcK03qFG0="
    },
    "marked": {
      "version": "https://registry.npm.taobao.org/marked/download/marked-0.3.6.tgz",
      "integrity": "sha1-ssbGGPzOzk74bE/Gy4p8v1rtqNc="
    },
    "meow": {
      "version": "https://registry.npm.taobao.org/meow/download/meow-3.7.0.tgz",
      "integrity": "sha1-cstmi0JSKCkKu/qFaJJYcwioAfs=",
      "dependencies": {
        "minimist": {
          "version": "https://registry.npm.taobao.org/minimist/download/minimist-1.2.0.tgz",
          "integrity": "sha1-o1AIsg9BOD7sH7kU9M1d95omQoQ="
        }
      }
    },
    "metaviewport-parser": {
      "version": "https://registry.npm.taobao.org/metaviewport-parser/download/metaviewport-parser-0.0.1.tgz",
      "integrity": "sha1-mygXllm3b/nSHehK4lWDJXkJsgY="
    },
    "minimist": {
      "version": "1.2.0",
      "resolved": "https://registry.npmjs.org/minimist/-/minimist-1.2.0.tgz",
      "integrity": "sha1-o1AIsg9BOD7sH7kU9M1d95omQoQ="
    },
    "mkdirp": {
      "version": "https://registry.npm.taobao.org/mkdirp/download/mkdirp-0.5.1.tgz",
      "integrity": "sha1-MAV0OOrGz3+MR2fzhkjWaX11yQM=",
      "dependencies": {
        "minimist": {
          "version": "https://registry.npm.taobao.org/minimist/download/minimist-0.0.8.tgz",
          "integrity": "sha1-hX/Kv8M5fSYluCKCYuhqp6ARsF0="
        }
      }
    },
    "ms": {
      "version": "https://registry.npm.taobao.org/ms/download/ms-0.7.1.tgz",
      "integrity": "sha1-nNE8A62/8ltl7/3nzoZO6VIBcJg="
    },
    "normalize-package-data": {
      "version": "https://registry.npm.taobao.org/normalize-package-data/download/normalize-package-data-2.3.8.tgz",
      "integrity": "sha1-2Bntoqne29H/pWPqQHHZNngilbs="
    },
    "npm-run-path": {
      "version": "https://registry.npm.taobao.org/npm-run-path/download/npm-run-path-1.0.0.tgz",
      "integrity": "sha1-9cMr9ZX+ga6Sfa7FLoL4sACsPI8="
    },
    "number-is-nan": {
      "version": "https://registry.npm.taobao.org/number-is-nan/download/number-is-nan-1.0.1.tgz",
      "integrity": "sha1-CXtgK1NCKlIsGvuHkDGDNpQaAR0="
    },
    "object-assign": {
      "version": "https://registry.npm.taobao.org/object-assign/download/object-assign-4.1.1.tgz",
      "integrity": "sha1-IQmtx5ZYh8/AXLvUQsrIv7s2CGM="
    },
    "opn": {
      "version": "https://registry.npm.taobao.org/opn/download/opn-4.0.2.tgz",
      "integrity": "sha1-erwi5kTf9jsKltWrfyeQwPAavJU="
    },
    "optimist": {
      "version": "https://registry.npm.taobao.org/optimist/download/optimist-0.6.1.tgz",
      "integrity": "sha1-2j6nRob6IaGaERwybpDrFaAZZoY=",
      "dependencies": {
        "minimist": {
          "version": "0.0.10",
          "resolved": "https://registry.npmjs.org/minimist/-/minimist-0.0.10.tgz",
          "integrity": "sha1-3j+YVD2/lggr5IrRoMfNqDYwHc8="
        }
      }
    },
    "options": {
      "version": "https://registry.npm.taobao.org/options/download/options-0.0.6.tgz",
      "integrity": "sha1-7CLTEoBrtT5zF3Pnza788cZDEo8="
    },
    "os-locale": {
      "version": "https://registry.npm.taobao.org/os-locale/download/os-locale-1.4.0.tgz",
      "integrity": "sha1-IPnxeuKe00XoveWDsT0gCYA8FNk="
    },
    "package-json": {
      "version": "https://registry.npm.taobao.org/package-json/download/package-json-4.0.1.tgz",
      "integrity": "sha1-iGmgQBJTZhxMTKPabCEh7VVfXu0="
    },
    "parse-json": {
      "version": "https://registry.npm.taobao.org/parse-json/download/parse-json-2.2.0.tgz",
      "integrity": "sha1-9ID0BDTvgHQfhGkJn43qGPVaTck="
    },
    "path-exists": {
      "version": "https://registry.npm.taobao.org/path-exists/download/path-exists-2.1.0.tgz",
      "integrity": "sha1-D+tsZPD8UY2adU3V77YscCJ2H0s="
    },
    "path-key": {
      "version": "https://registry.npm.taobao.org/path-key/download/path-key-1.0.0.tgz",
      "integrity": "sha1-XVPVeAGWRsDWiADbThRua9wqx68="
    },
    "path-type": {
      "version": "https://registry.npm.taobao.org/path-type/download/path-type-1.1.0.tgz",
      "integrity": "sha1-WcRPfuSR2nBNpBXaWkBwuk+P5EE="
    },
    "pify": {
      "version": "https://registry.npm.taobao.org/pify/download/pify-2.3.0.tgz",
      "integrity": "sha1-7RQaasBDqEnqWISY59yosVMw6Qw="
    },
    "pinkie": {
      "version": "https://registry.npm.taobao.org/pinkie/download/pinkie-2.0.4.tgz",
      "integrity": "sha1-clVrgM+g1IqXToDnckjoDtT3+HA="
    },
    "pinkie-promise": {
      "version": "https://registry.npm.taobao.org/pinkie-promise/download/pinkie-promise-2.0.1.tgz",
      "integrity": "sha1-ITXW36ejWMBprJsXh3YogihFD/o="
    },
    "prepend-http": {
      "version": "https://registry.npm.taobao.org/prepend-http/download/prepend-http-1.0.4.tgz",
      "integrity": "sha1-1PRWKwzjaW5BrFLQ4ALlemNdxtw="
    },
    "pseudomap": {
      "version": "https://registry.npm.taobao.org/pseudomap/download/pseudomap-1.0.2.tgz",
      "integrity": "sha1-8FKijacOYYkX7wqKw0wa5aaChrM="
    },
    "rc": {
      "version": "https://registry.npm.taobao.org/rc/download/rc-1.2.1.tgz",
      "integrity": "sha1-LgPo5C7kULjLPc5lvhv4l04d/ZU=",
      "dependencies": {
        "minimist": {
          "version": "https://registry.npm.taobao.org/minimist/download/minimist-1.2.0.tgz",
          "integrity": "sha1-o1AIsg9BOD7sH7kU9M1d95omQoQ="
        }
      }
    },
    "read-pkg": {
      "version": "https://registry.npm.taobao.org/read-pkg/download/read-pkg-1.1.0.tgz",
      "integrity": "sha1-9f+qXs0pyzHAR0vKfXVra7KePyg="
    },
    "read-pkg-up": {
      "version": "https://registry.npm.taobao.org/read-pkg-up/download/read-pkg-up-1.0.1.tgz",
      "integrity": "sha1-nWPBMnbAZZGNV/ACpX9AobZD+wI="
    },
    "redent": {
      "version": "https://registry.npm.taobao.org/redent/download/redent-1.0.0.tgz",
      "integrity": "sha1-z5Fqsf1fHxbfsggi3W7H9zDCr94="
    },
    "registry-auth-token": {
      "version": "https://registry.npm.taobao.org/registry-auth-token/download/registry-auth-token-3.3.1.tgz",
      "integrity": "sha1-+w0yie4Nmtosu1KvXf5mywcNMAY="
    },
    "registry-url": {
      "version": "https://registry.npm.taobao.org/registry-url/download/registry-url-3.1.0.tgz",
      "integrity": "sha1-PU74cPc93h138M+aOBQyRE4XSUI="
    },
    "repeat-string": {
      "version": "https://registry.npm.taobao.org/repeat-string/download/repeat-string-1.6.1.tgz",
      "integrity": "sha1-jcrkcOHIirwtYA//Sndihtp15jc="
    },
    "repeating": {
      "version": "https://registry.npm.taobao.org/repeating/download/repeating-2.0.1.tgz",
      "integrity": "sha1-UhTFOpJtNVJwdSf7q0FdvAjQbdo="
    },
    "resolve": {
      "version": "https://registry.npm.taobao.org/resolve/download/resolve-1.1.7.tgz",
      "integrity": "sha1-IDEU2CrSxe2ejgQRs5ModeiJ6Xs="
    },
    "right-align": {
      "version": "https://registry.npm.taobao.org/right-align/download/right-align-0.1.3.tgz",
      "integrity": "sha1-YTObci/mo1FWiSENJOFMlhSGE+8=",
      "optional": true
    },
    "rimraf": {
      "version": "https://registry.npm.taobao.org/rimraf/download/rimraf-2.2.8.tgz",
      "integrity": "sha1-5Dm+Kq7jJzIZUnMPmaiSnk/FBYI="
    },
    "safe-buffer": {
      "version": "https://registry.npm.taobao.org/safe-buffer/download/safe-buffer-5.1.0.tgz",
      "integrity": "sha1-/kyEYDl/nqqqWOc75GJzQIpF4iM="
    },
    "semver": {
      "version": "https://registry.npm.taobao.org/semver/download/semver-5.3.0.tgz",
      "integrity": "sha1-myzl094C0XxgEq0yaqa00M9U+U8="
    },
    "semver-diff": {
      "version": "https://registry.npm.taobao.org/semver-diff/download/semver-diff-2.1.0.tgz",
      "integrity": "sha1-S7uEN8jTfksM8aaP1ybsbWRdbTY="
    },
    "signal-exit": {
      "version": "https://registry.npm.taobao.org/signal-exit/download/signal-exit-3.0.2.tgz",
      "integrity": "sha1-tf3AjxKH6hF4Yo5BXiUTK3NkbG0="
    },
    "slide": {
      "version": "https://registry.npm.taobao.org/slide/download/slide-1.1.6.tgz",
      "integrity": "sha1-VusCfWW00tzmyy4tMsTUr8nh1wc="
    },
    "source-map": {
      "version": "https://registry.npm.taobao.org/source-map/download/source-map-0.4.4.tgz",
      "integrity": "sha1-66T12pwNyZneaAMti092FzZSA2s="
    },
    "spdx-correct": {
      "version": "https://registry.npm.taobao.org/spdx-correct/download/spdx-correct-1.0.2.tgz",
      "integrity": "sha1-SzBz2TP/UfORLwOsVRlJikFQ20A="
    },
    "spdx-expression-parse": {
      "version": "https://registry.npm.taobao.org/spdx-expression-parse/download/spdx-expression-parse-1.0.4.tgz",
      "integrity": "sha1-m98vIOH0DtRH++JzJmGR/O1RYmw="
    },
    "spdx-license-ids": {
      "version": "https://registry.npm.taobao.org/spdx-license-ids/download/spdx-license-ids-1.2.2.tgz",
      "integrity": "sha1-yd96NCRZSt5r0RkA1ZZpbcBrrFc="
    },
    "speedline": {
      "version": "https://registry.npm.taobao.org/speedline/download/speedline-1.2.0.tgz",
      "integrity": "sha1-9YKNz46blqn2wdqKsphTiCDGZo0="
    },
    "string-width": {
      "version": "https://registry.npm.taobao.org/string-width/download/string-width-2.0.0.tgz",
      "integrity": "sha1-Y1xUNsxypuDDh87KJ41OLuxSaH4="
    },
    "strip-ansi": {
      "version": "https://registry.npm.taobao.org/strip-ansi/download/strip-ansi-3.0.1.tgz",
      "integrity": "sha1-ajhfuIU9lS1f8F0Oiq+UJ43GPc8="
    },
    "strip-bom": {
      "version": "https://registry.npm.taobao.org/strip-bom/download/strip-bom-2.0.0.tgz",
      "integrity": "sha1-YhmoVhZSBJHzV4i9vxRHqZx+aw4="
    },
    "strip-eof": {
      "version": "https://registry.npm.taobao.org/strip-eof/download/strip-eof-1.0.0.tgz",
      "integrity": "sha1-u0P/VZim6wXYm1n80SnJgzE2Br8="
    },
    "strip-indent": {
      "version": "https://registry.npm.taobao.org/strip-indent/download/strip-indent-1.0.1.tgz",
      "integrity": "sha1-DHlipq3vp7vUrDZkYKY4VSrhoKI="
    },
    "strip-json-comments": {
      "version": "https://registry.npm.taobao.org/strip-json-comments/download/strip-json-comments-2.0.1.tgz",
      "integrity": "sha1-PFMZQukIwml8DsNEhYwobHygpgo="
    },
    "supports-color": {
      "version": "https://registry.npm.taobao.org/supports-color/download/supports-color-2.0.0.tgz",
      "integrity": "sha1-U10EXOa2Nj+kARcIRimZXp3zJMc="
    },
    "term-size": {
      "version": "https://registry.npm.taobao.org/term-size/download/term-size-0.1.1.tgz",
      "integrity": "sha1-hzYLljlsq1dgljcUzaDQy+7K2co="
    },
    "timed-out": {
      "version": "https://registry.npm.taobao.org/timed-out/download/timed-out-4.0.1.tgz",
      "integrity": "sha1-8y6srFoXW+ol1/q1Zas+2HQe9W8="
    },
    "tr46": {
      "version": "https://registry.npm.taobao.org/tr46/download/tr46-0.0.3.tgz",
      "integrity": "sha1-gYT9NH2snNwYWZLzpmIuFLnZq2o="
    },
    "trim-newlines": {
      "version": "https://registry.npm.taobao.org/trim-newlines/download/trim-newlines-1.0.0.tgz",
      "integrity": "sha1-WIeWa7WCpFA6QetST301ARgVphM="
    },
    "uglify-js": {
      "version": "https://registry.npm.taobao.org/uglify-js/download/uglify-js-2.8.29.tgz",
      "integrity": "sha1-KcVzMUgFe7Th913zW3qcty5qWd0=",
      "optional": true,
      "dependencies": {
        "source-map": {
          "version": "https://registry.npm.taobao.org/source-map/download/source-map-0.5.6.tgz",
          "integrity": "sha1-dc449SvwczxafwwRjYEzSiu19BI=",
          "optional": true
        },
        "yargs": {
          "version": "https://registry.npm.taobao.org/yargs/download/yargs-3.10.0.tgz",
          "integrity": "sha1-9+572FfdfB0tOMDnTvvWgdFDH9E=",
          "optional": true
        }
      }
    },
    "uglify-to-browserify": {
      "version": "https://registry.npm.taobao.org/uglify-to-browserify/download/uglify-to-browserify-1.0.2.tgz",
      "integrity": "sha1-bgkk1r2mta/jSeOabWMoUKD4grc=",
      "optional": true
    },
    "ultron": {
      "version": "https://registry.npm.taobao.org/ultron/download/ultron-1.0.2.tgz",
      "integrity": "sha1-rOEWq1V80Zc4ak6I9GhTeMiy5Po="
    },
    "unique-string": {
      "version": "https://registry.npm.taobao.org/unique-string/download/unique-string-1.0.0.tgz",
      "integrity": "sha1-nhBXzKhRq7kzmPizOuGHuZyuwRo="
    },
    "unzip-response": {
      "version": "https://registry.npm.taobao.org/unzip-response/download/unzip-response-2.0.1.tgz",
      "integrity": "sha1-0vD3N9FrBhXnKmk17QQhRXLVb5c="
    },
    "update-notifier": {
      "version": "https://registry.npm.taobao.org/update-notifier/download/update-notifier-2.2.0.tgz",
      "integrity": "sha1-G1g3z5DAc22IYncytmHBOPht5y8="
    },
    "url-parse-lax": {
      "version": "https://registry.npm.taobao.org/url-parse-lax/download/url-parse-lax-1.0.0.tgz",
      "integrity": "sha1-evjzA2Rem9eaJy56FKxovAYJ2nM="
    },
    "validate-npm-package-license": {
      "version": "https://registry.npm.taobao.org/validate-npm-package-license/download/validate-npm-package-license-3.0.1.tgz",
      "integrity": "sha1-KAS6vnEq0zeUWaz74kdGqywwP7w="
    },
    "webidl-conversions": {
      "version": "https://registry.npm.taobao.org/webidl-conversions/download/webidl-conversions-3.0.1.tgz",
      "integrity": "sha1-JFNCdeKnvGvnvIZhHMFq4KVlSHE="
    },
    "whatwg-url": {
      "version": "https://registry.npm.taobao.org/whatwg-url/download/whatwg-url-4.0.0.tgz",
      "integrity": "sha1-W+Ni8Lbi+HYPcmDfbg4d9Tb1R5w="
    },
    "which": {
      "version": "https://registry.npm.taobao.org/which/download/which-1.2.14.tgz",
      "integrity": "sha1-mofEN48D6CfOyvGs31bHNsAcFOU="
    },
    "widest-line": {
      "version": "https://registry.npm.taobao.org/widest-line/download/widest-line-1.0.0.tgz",
      "integrity": "sha1-DAnIXCqUaD0Nfq+O4JfVZL8OEFw=",
      "dependencies": {
        "is-fullwidth-code-point": {
          "version": "https://registry.npm.taobao.org/is-fullwidth-code-point/download/is-fullwidth-code-point-1.0.0.tgz",
          "integrity": "sha1-754xOG8DGn8NZDr4L95QxFfvAMs="
        },
        "string-width": {
          "version": "https://registry.npm.taobao.org/string-width/download/string-width-1.0.2.tgz",
          "integrity": "sha1-EYvfW4zcUaKn5w0hHgfisLmxB9M="
        }
      }
    },
    "window-size": {
      "version": "https://registry.npm.taobao.org/window-size/download/window-size-0.1.0.tgz",
      "integrity": "sha1-VDjNLqk7IC76Ohn+iIeu58lPnJ0=",
      "optional": true
    },
    "wordwrap": {
      "version": "https://registry.npm.taobao.org/wordwrap/download/wordwrap-0.0.3.tgz",
      "integrity": "sha1-o9XabNXAvAAI03I0u68b7WMFkQc="
    },
    "wrap-ansi": {
      "version": "https://registry.npm.taobao.org/wrap-ansi/download/wrap-ansi-2.1.0.tgz",
      "integrity": "sha1-2Pw9KE3QV5T+hJc8rs3Rz4JP3YU=",
      "dependencies": {
        "is-fullwidth-code-point": {
          "version": "https://registry.npm.taobao.org/is-fullwidth-code-point/download/is-fullwidth-code-point-1.0.0.tgz",
          "integrity": "sha1-754xOG8DGn8NZDr4L95QxFfvAMs="
        },
        "string-width": {
          "version": "https://registry.npm.taobao.org/string-width/download/string-width-1.0.2.tgz",
          "integrity": "sha1-EYvfW4zcUaKn5w0hHgfisLmxB9M="
        }
      }
    },
    "write-file-atomic": {
      "version": "https://registry.npm.taobao.org/write-file-atomic/download/write-file-atomic-2.1.0.tgz",
      "integrity": "sha1-F2n0tVHu3OQZ8FBd6uLiZ2NULTc="
    },
    "ws": {
      "version": "https://registry.npm.taobao.org/ws/download/ws-1.1.1.tgz",
      "integrity": "sha1-CC3bbGQehdS7RR8D1S8G6r2x8Bg="
    },
    "xdg-basedir": {
      "version": "https://registry.npm.taobao.org/xdg-basedir/download/xdg-basedir-3.0.0.tgz",
      "integrity": "sha1-SWsswQnsqNus/i3HK2A8F8WHCtQ="
    },
    "y18n": {
      "version": "https://registry.npm.taobao.org/y18n/download/y18n-3.2.1.tgz",
      "integrity": "sha1-bRX7qITAhnnA136I53WegR4H+kE="
    },
    "yallist": {
      "version": "https://registry.npm.taobao.org/yallist/download/yallist-2.1.2.tgz",
      "integrity": "sha1-HBH5IY8HYImkfdUS+TxmmaaoHVI="
    },
    "yargs": {
      "version": "https://registry.npm.taobao.org/yargs/download/yargs-3.32.0.tgz",
      "integrity": "sha1-AwiOnr+edWtpdRYR0qXvWRSCyZU=",
      "dependencies": {
        "camelcase": {
          "version": "https://registry.npm.taobao.org/camelcase/download/camelcase-2.1.1.tgz",
          "integrity": "sha1-fB0W1nmhu+WcoCys7PsBHiAfWh8="
        },
        "cliui": {
          "version": "https://registry.npm.taobao.org/cliui/download/cliui-3.2.0.tgz",
          "integrity": "sha1-EgYBU3qRbSmUD5NNo7SNWFo5IT0="
        },
        "is-fullwidth-code-point": {
          "version": "https://registry.npm.taobao.org/is-fullwidth-code-point/download/is-fullwidth-code-point-1.0.0.tgz",
          "integrity": "sha1-754xOG8DGn8NZDr4L95QxFfvAMs="
        },
        "string-width": {
          "version": "https://registry.npm.taobao.org/string-width/download/string-width-1.0.2.tgz",
          "integrity": "sha1-EYvfW4zcUaKn5w0hHgfisLmxB9M="
        },
        "window-size": {
          "version": "https://registry.npm.taobao.org/window-size/download/window-size-0.1.4.tgz",
          "integrity": "sha1-+OGqHuWlPsW/FR/6CXQqatdpeHY="
        }
      }
    }
  }
}
